PODS:
  - Alamofire (5.9.1)
  - AlipaySDK-iOS (15.8.16)
  - aliyun_face_plugin (2.2.2):
    - Flutter
  - app_installer (1.1.0):
    - Flutter
  - audio_waveforms (0.0.1):
    - Flutter
  - connectivity_plus (0.0.1):
    - Flutter
    - ReachabilitySwift
  - device_info_plus (0.0.1):
    - Flutter
  - emoji_picker_flutter (0.0.1):
    - Flutter
  - Flutter (1.0.0)
  - fluttertoast (0.0.2):
    - Flutter
    - Toast
  - fluwx (0.0.1):
    - Flutter
    - fluwx/pay (= 0.0.1)
  - fluwx/pay (0.0.1):
    - Flutter
    - WechatOpenSDK-XCFramework (~> 2.0.4)
  - FMDB (2.7.11):
    - FMDB/standard (= 2.7.11)
  - FMDB/standard (2.7.11)
  - HyphenateChat (4.7.0)
  - im_flutter_sdk (0.0.1):
    - Flutter
    - HyphenateChat (= 4.7.0)
  - image_gallery_saver (2.0.2):
    - Flutter
  - image_picker_ios (0.0.1):
    - Flutter
  - in_app_purchase_storekit (0.0.1):
    - Flutter
    - FlutterMacOS
  - MTBBarcodeScanner (5.0.11)
  - package_info_plus (0.4.5):
    - Flutter
  - path_provider_foundation (0.0.1):
    - Flutter
    - FlutterMacOS
  - permission_handler_apple (9.3.0):
    - Flutter
  - qr_code_scanner (0.2.0):
    - Flutter
    - MTBBarcodeScanner
  - ReachabilitySwift (5.2.3)
  - shared_preferences_foundation (0.0.1):
    - Flutter
    - FlutterMacOS
  - sqflite (0.0.3):
    - Flutter
    - FlutterMacOS
  - Toast (4.1.1)
  - UMCCommonLog (2.0.2)
  - UMCommon (7.4.7):
    - UMDevice
  - UMDevice (3.4.0)
  - umeng_common_sdk (0.0.1):
    - Flutter
    - UMCommon
    - UMDevice
  - url_launcher_ios (0.0.1):
    - Flutter
  - webview_flutter_wkwebview (0.0.1):
    - Flutter
  - WechatOpenSDK-XCFramework (2.0.4)

DEPENDENCIES:
  - Alamofire
  - AlipaySDK-iOS
  - aliyun_face_plugin (from `.symlinks/plugins/aliyun_face_plugin/ios`)
  - app_installer (from `.symlinks/plugins/app_installer/ios`)
  - audio_waveforms (from `.symlinks/plugins/audio_waveforms/ios`)
  - connectivity_plus (from `.symlinks/plugins/connectivity_plus/ios`)
  - device_info_plus (from `.symlinks/plugins/device_info_plus/ios`)
  - emoji_picker_flutter (from `.symlinks/plugins/emoji_picker_flutter/ios`)
  - Flutter (from `Flutter`)
  - fluttertoast (from `.symlinks/plugins/fluttertoast/ios`)
  - fluwx (from `.symlinks/plugins/fluwx/ios`)
  - FMDB
  - im_flutter_sdk (from `.symlinks/plugins/im_flutter_sdk/ios`)
  - image_gallery_saver (from `.symlinks/plugins/image_gallery_saver/ios`)
  - image_picker_ios (from `.symlinks/plugins/image_picker_ios/ios`)
  - in_app_purchase_storekit (from `.symlinks/plugins/in_app_purchase_storekit/darwin`)
  - package_info_plus (from `.symlinks/plugins/package_info_plus/ios`)
  - path_provider_foundation (from `.symlinks/plugins/path_provider_foundation/darwin`)
  - permission_handler_apple (from `.symlinks/plugins/permission_handler_apple/ios`)
  - qr_code_scanner (from `.symlinks/plugins/qr_code_scanner/ios`)
  - shared_preferences_foundation (from `.symlinks/plugins/shared_preferences_foundation/darwin`)
  - sqflite (from `.symlinks/plugins/sqflite/darwin`)
  - UMCCommonLog
  - UMCommon
  - UMDevice
  - umeng_common_sdk (from `.symlinks/plugins/umeng_common_sdk/ios`)
  - url_launcher_ios (from `.symlinks/plugins/url_launcher_ios/ios`)
  - webview_flutter_wkwebview (from `.symlinks/plugins/webview_flutter_wkwebview/ios`)

SPEC REPOS:
  https://mirrors.tuna.tsinghua.edu.cn/git/CocoaPods/Specs.git:
    - Alamofire
    - AlipaySDK-iOS
    - FMDB
    - HyphenateChat
    - MTBBarcodeScanner
    - ReachabilitySwift
    - Toast
    - UMCCommonLog
    - UMCommon
    - UMDevice
    - WechatOpenSDK-XCFramework

EXTERNAL SOURCES:
  aliyun_face_plugin:
    :path: ".symlinks/plugins/aliyun_face_plugin/ios"
  app_installer:
    :path: ".symlinks/plugins/app_installer/ios"
  audio_waveforms:
    :path: ".symlinks/plugins/audio_waveforms/ios"
  connectivity_plus:
    :path: ".symlinks/plugins/connectivity_plus/ios"
  device_info_plus:
    :path: ".symlinks/plugins/device_info_plus/ios"
  emoji_picker_flutter:
    :path: ".symlinks/plugins/emoji_picker_flutter/ios"
  Flutter:
    :path: Flutter
  fluttertoast:
    :path: ".symlinks/plugins/fluttertoast/ios"
  fluwx:
    :path: ".symlinks/plugins/fluwx/ios"
  im_flutter_sdk:
    :path: ".symlinks/plugins/im_flutter_sdk/ios"
  image_gallery_saver:
    :path: ".symlinks/plugins/image_gallery_saver/ios"
  image_picker_ios:
    :path: ".symlinks/plugins/image_picker_ios/ios"
  in_app_purchase_storekit:
    :path: ".symlinks/plugins/in_app_purchase_storekit/darwin"
  package_info_plus:
    :path: ".symlinks/plugins/package_info_plus/ios"
  path_provider_foundation:
    :path: ".symlinks/plugins/path_provider_foundation/darwin"
  permission_handler_apple:
    :path: ".symlinks/plugins/permission_handler_apple/ios"
  qr_code_scanner:
    :path: ".symlinks/plugins/qr_code_scanner/ios"
  shared_preferences_foundation:
    :path: ".symlinks/plugins/shared_preferences_foundation/darwin"
  sqflite:
    :path: ".symlinks/plugins/sqflite/darwin"
  umeng_common_sdk:
    :path: ".symlinks/plugins/umeng_common_sdk/ios"
  url_launcher_ios:
    :path: ".symlinks/plugins/url_launcher_ios/ios"
  webview_flutter_wkwebview:
    :path: ".symlinks/plugins/webview_flutter_wkwebview/ios"

SPEC CHECKSUMS:
  Alamofire: f36a35757af4587d8e4f4bfa223ad10be2422b8c
  AlipaySDK-iOS: 5e6011fbd546e7db6b43c1f527d164ee63f3d7cb
  aliyun_face_plugin: a69813c25d8e1e6b6b26d5692c0de5673b401533
  app_installer: 4301996bd8f3c6f75776416b8885a6d92928306f
  audio_waveforms: cd736909ebc6b6a164eb74701d8c705ce3241e1c
  connectivity_plus: bf0076dd84a130856aa636df1c71ccaff908fa1d
  device_info_plus: c6fb39579d0f423935b0c9ce7ee2f44b71b9fce6
  emoji_picker_flutter: fe2e6151c5b548e975d546e6eeb567daf0962a58
  Flutter: e0871f40cf51350855a761d2e70bf5af5b9b5de7
  fluttertoast: 9f2f8e81bb5ce18facb9748d7855bf5a756fe3db
  fluwx: c18fd6c16b03a2187cd07d6e48e32a7801962849
  FMDB: 57486c1117fd8e0e6b947b2f54c3f42bf8e57a4e
  HyphenateChat: 0d76f40cec79d084a2c1133e43987e7379124694
  im_flutter_sdk: fcff186ef0acfb1e7b0e9ba6c5260d0f2278ede8
  image_gallery_saver: cb43cc43141711190510e92c460eb1655cd343cb
  image_picker_ios: b545a5f16c0fa88e3ecbbce3ed4de45567a8ec18
  in_app_purchase_storekit: 8c3b0b3eb1b0f04efbff401c3de6266d4258d433
  MTBBarcodeScanner: f453b33c4b7dfe545d8c6484ed744d55671788cb
  package_info_plus: 115f4ad11e0698c8c1c5d8a689390df880f47e85
  path_provider_foundation: 2b6b4c569c0fb62ec74538f866245ac84301af46
  permission_handler_apple: 9878588469a2b0d0fc1e048d9f43605f92e6cec2
  qr_code_scanner: bb67d64904c3b9658ada8c402e8b4d406d5d796e
  ReachabilitySwift: 7f151ff156cea1481a8411701195ac6a984f4979
  shared_preferences_foundation: fcdcbc04712aee1108ac7fda236f363274528f78
  sqflite: 673a0e54cc04b7d6dba8d24fb8095b31c3a99eec
  Toast: 1f5ea13423a1e6674c4abdac5be53587ae481c4e
  UMCCommonLog: bea707e50c85cef4b0eb47cc5c7226bb843245ca
  UMCommon: 8b4cd0423297c39bca6eea1ec896558b40e5bcf7
  UMDevice: dcdf7ec167387837559d149fbc7d793d984faf82
  umeng_common_sdk: a8abd7f86dfd013dbbeeae587ee143760c6582f2
  url_launcher_ios: 5334b05cef931de560670eeae103fd3e431ac3fe
  webview_flutter_wkwebview: be0f0d33777f1bfd0c9fdcb594786704dbf65f36
  WechatOpenSDK-XCFramework: 36fb2bea0754266c17184adf4963d7e6ff98b69f

PODFILE CHECKSUM: 37341c7d7598e2d42088199ff4817692cae100f3

COCOAPODS: 1.15.2
